// !$*UTF8*$!
{
	archiveVersion = 1;
	classes = {
	};
	objectVersion = 46;
	objects = {

/* Begin PBXBuildFile section */
		3327773416F3E724006A99AB /* DataMigrator.m in Sources */ = {isa = PBXBuildFile; fileRef = 3327773316F3E724006A99AB /* DataMigrator.m */; };
		33BCF6F216F3D5D100D52F8B /* UIKit.framework in Frameworks */ = {isa = PBXBuildFile; fileRef = 33BCF6F116F3D5D100D52F8B /* UIKit.framework */; };
		33BCF6F416F3D5D100D52F8B /* Foundation.framework in Frameworks */ = {isa = PBXBuildFile; fileRef = 33BCF6F316F3D5D100D52F8B /* Foundation.framework */; };
		33BCF6F616F3D5D100D52F8B /* CoreGraphics.framework in Frameworks */ = {isa = PBXBuildFile; fileRef = 33BCF6F516F3D5D100D52F8B /* CoreGraphics.framework */; };
		33BCF6FC16F3D5D100D52F8B /* InfoPlist.strings in Resources */ = {isa = PBXBuildFile; fileRef = 33BCF6FA16F3D5D100D52F8B /* InfoPlist.strings */; };
		33BCF6FE16F3D5D100D52F8B /* main.m in Sources */ = {isa = PBXBuildFile; fileRef = 33BCF6FD16F3D5D100D52F8B /* main.m */; };
		33BCF70216F3D5D100D52F8B /* AppDelegate.m in Sources */ = {isa = PBXBuildFile; fileRef = 33BCF70116F3D5D100D52F8B /* AppDelegate.m */; };
		33BCF70416F3D5D100D52F8B /* Default.png in Resources */ = {isa = PBXBuildFile; fileRef = 33BCF70316F3D5D100D52F8B /* Default.png */; };
		33BCF70616F3D5D100D52F8B /* Default@2x.png in Resources */ = {isa = PBXBuildFile; fileRef = 33BCF70516F3D5D100D52F8B /* Default@2x.png */; };
		33BCF70816F3D5D100D52F8B /* Default-568h@2x.png in Resources */ = {isa = PBXBuildFile; fileRef = 33BCF70716F3D5D100D52F8B /* Default-568h@2x.png */; };
		33BCF70B16F3D5D100D52F8B /* MainStoryboard.storyboard in Resources */ = {isa = PBXBuildFile; fileRef = 33BCF70916F3D5D100D52F8B /* MainStoryboard.storyboard */; };
		33BCF71916F3D63900D52F8B /* CoreDataTableViewController.m in Sources */ = {isa = PBXBuildFile; fileRef = 33BCF71816F3D63900D52F8B /* CoreDataTableViewController.m */; };
		33BCF71C16F3D65800D52F8B /* WordSearchTVC.m in Sources */ = {isa = PBXBuildFile; fileRef = 33BCF71B16F3D65800D52F8B /* WordSearchTVC.m */; };
		33BCF71F16F3D6B800D52F8B /* Model.xcdatamodeld in Sources */ = {isa = PBXBuildFile; fileRef = 33BCF71D16F3D6B700D52F8B /* Model.xcdatamodeld */; };
		33BCF72216F3D73400D52F8B /* CoreDataHelper.m in Sources */ = {isa = PBXBuildFile; fileRef = 33BCF72116F3D73400D52F8B /* CoreDataHelper.m */; };
		33BCF72416F3D73E00D52F8B /* CoreData.framework in Frameworks */ = {isa = PBXBuildFile; fileRef = 33BCF72316F3D73E00D52F8B /* CoreData.framework */; };
		33BCF72716F3D76000D52F8B /* MyUIManagedDocument.m in Sources */ = {isa = PBXBuildFile; fileRef = 33BCF72616F3D76000D52F8B /* MyUIManagedDocument.m */; };
		33BCF72D16F3D79100D52F8B /* Word+Create.m in Sources */ = {isa = PBXBuildFile; fileRef = 33BCF72C16F3D79100D52F8B /* Word+Create.m */; };
		33BCF72F16F3D8B900D52F8B /* wordsEn.txt in Resources */ = {isa = PBXBuildFile; fileRef = 33BCF72E16F3D8B900D52F8B /* wordsEn.txt */; };
		33DD72C016F4395200233BB2 /* Word.m in Sources */ = {isa = PBXBuildFile; fileRef = 33DD72BF16F4395200233BB2 /* Word.m */; };
		33DD72C216F43BA200233BB2 /* CoreData.sqlite in Resources */ = {isa = PBXBuildFile; fileRef = 33DD72C116F43BA200233BB2 /* CoreData.sqlite */; };
/* End PBXBuildFile section */

/* Begin PBXFileReference section */
		3327773216F3E724006A99AB /* DataMigrator.h */ = {isa = PBXFileReference; fileEncoding = 4; lastKnownFileType = sourcecode.c.h; path = DataMigrator.h; sourceTree = "<group>"; };
		3327773316F3E724006A99AB /* DataMigrator.m */ = {isa = PBXFileReference; fileEncoding = 4; lastKnownFileType = sourcecode.c.objc; path = DataMigrator.m; sourceTree = "<group>"; };
		33BCF6EE16F3D5D100D52F8B /* WorldSearch.app */ = {isa = PBXFileReference; explicitFileType = wrapper.application; includeInIndex = 0; path = WorldSearch.app; sourceTree = BUILT_PRODUCTS_DIR; };
		33BCF6F116F3D5D100D52F8B /* UIKit.framework */ = {isa = PBXFileReference; lastKnownFileType = wrapper.framework; name = UIKit.framework; path = System/Library/Frameworks/UIKit.framework; sourceTree = SDKROOT; };
		33BCF6F316F3D5D100D52F8B /* Foundation.framework */ = {isa = PBXFileReference; lastKnownFileType = wrapper.framework; name = Foundation.framework; path = System/Library/Frameworks/Foundation.framework; sourceTree = SDKROOT; };
		33BCF6F516F3D5D100D52F8B /* CoreGraphics.framework */ = {isa = PBXFileReference; lastKnownFileType = wrapper.framework; name = CoreGraphics.framework; path = System/Library/Frameworks/CoreGraphics.framework; sourceTree = SDKROOT; };
		33BCF6F916F3D5D100D52F8B /* WorldSearch-Info.plist */ = {isa = PBXFileReference; lastKnownFileType = text.plist.xml; path = "WorldSearch-Info.plist"; sourceTree = "<group>"; };
		33BCF6FB16F3D5D100D52F8B /* en */ = {isa = PBXFileReference; lastKnownFileType = text.plist.strings; name = en; path = en.lproj/InfoPlist.strings; sourceTree = "<group>"; };
		33BCF6FD16F3D5D100D52F8B /* main.m */ = {isa = PBXFileReference; lastKnownFileType = sourcecode.c.objc; path = main.m; sourceTree = "<group>"; };
		33BCF6FF16F3D5D100D52F8B /* WorldSearch-Prefix.pch */ = {isa = PBXFileReference; lastKnownFileType = sourcecode.c.h; path = "WorldSearch-Prefix.pch"; sourceTree = "<group>"; };
		33BCF70016F3D5D100D52F8B /* AppDelegate.h */ = {isa = PBXFileReference; lastKnownFileType = sourcecode.c.h; path = AppDelegate.h; sourceTree = "<group>"; };
		33BCF70116F3D5D100D52F8B /* AppDelegate.m */ = {isa = PBXFileReference; lastKnownFileType = sourcecode.c.objc; path = AppDelegate.m; sourceTree = "<group>"; };
		33BCF70316F3D5D100D52F8B /* Default.png */ = {isa = PBXFileReference; lastKnownFileType = image.png; path = Default.png; sourceTree = "<group>"; };
		33BCF70516F3D5D100D52F8B /* Default@2x.png */ = {isa = PBXFileReference; lastKnownFileType = image.png; path = "Default@2x.png"; sourceTree = "<group>"; };
		33BCF70716F3D5D100D52F8B /* Default-568h@2x.png */ = {isa = PBXFileReference; lastKnownFileType = image.png; path = "Default-568h@2x.png"; sourceTree = "<group>"; };
		33BCF70A16F3D5D100D52F8B /* en */ = {isa = PBXFileReference; lastKnownFileType = file.storyboard; name = en; path = en.lproj/MainStoryboard.storyboard; sourceTree = "<group>"; };
		33BCF71716F3D63900D52F8B /* CoreDataTableViewController.h */ = {isa = PBXFileReference; fileEncoding = 4; lastKnownFileType = sourcecode.c.h; path = CoreDataTableViewController.h; sourceTree = "<group>"; };
		33BCF71816F3D63900D52F8B /* CoreDataTableViewController.m */ = {isa = PBXFileReference; fileEncoding = 4; lastKnownFileType = sourcecode.c.objc; path = CoreDataTableViewController.m; sourceTree = "<group>"; };
		33BCF71A16F3D65800D52F8B /* WordSearchTVC.h */ = {isa = PBXFileReference; fileEncoding = 4; lastKnownFileType = sourcecode.c.h; path = WordSearchTVC.h; sourceTree = "<group>"; };
		33BCF71B16F3D65800D52F8B /* WordSearchTVC.m */ = {isa = PBXFileReference; fileEncoding = 4; lastKnownFileType = sourcecode.c.objc; path = WordSearchTVC.m; sourceTree = "<group>"; };
		33BCF71E16F3D6B800D52F8B /* Model.xcdatamodel */ = {isa = PBXFileReference; lastKnownFileType = wrapper.xcdatamodel; path = Model.xcdatamodel; sourceTree = "<group>"; };
		33BCF72016F3D73400D52F8B /* CoreDataHelper.h */ = {isa = PBXFileReference; fileEncoding = 4; lastKnownFileType = sourcecode.c.h; path = CoreDataHelper.h; sourceTree = "<group>"; };
		33BCF72116F3D73400D52F8B /* CoreDataHelper.m */ = {isa = PBXFileReference; fileEncoding = 4; lastKnownFileType = sourcecode.c.objc; path = CoreDataHelper.m; sourceTree = "<group>"; };
		33BCF72316F3D73E00D52F8B /* CoreData.framework */ = {isa = PBXFileReference; lastKnownFileType = wrapper.framework; name = CoreData.framework; path = System/Library/Frameworks/CoreData.framework; sourceTree = SDKROOT; };
		33BCF72516F3D75F00D52F8B /* MyUIManagedDocument.h */ = {isa = PBXFileReference; fileEncoding = 4; lastKnownFileType = sourcecode.c.h; path = MyUIManagedDocument.h; sourceTree = "<group>"; };
		33BCF72616F3D76000D52F8B /* MyUIManagedDocument.m */ = {isa = PBXFileReference; fileEncoding = 4; lastKnownFileType = sourcecode.c.objc; path = MyUIManagedDocument.m; sourceTree = "<group>"; };
		33BCF72B16F3D79100D52F8B /* Word+Create.h */ = {isa = PBXFileReference; fileEncoding = 4; lastKnownFileType = sourcecode.c.h; path = "Word+Create.h"; sourceTree = "<group>"; };
		33BCF72C16F3D79100D52F8B /* Word+Create.m */ = {isa = PBXFileReference; fileEncoding = 4; lastKnownFileType = sourcecode.c.objc; path = "Word+Create.m"; sourceTree = "<group>"; };
		33BCF72E16F3D8B900D52F8B /* wordsEn.txt */ = {isa = PBXFileReference; fileEncoding = 4; lastKnownFileType = text; path = wordsEn.txt; sourceTree = "<group>"; };
		33DD72BE16F4395200233BB2 /* Word.h */ = {isa = PBXFileReference; fileEncoding = 4; lastKnownFileType = sourcecode.c.h; path = Word.h; sourceTree = "<group>"; };
		33DD72BF16F4395200233BB2 /* Word.m */ = {isa = PBXFileReference; fileEncoding = 4; lastKnownFileType = sourcecode.c.objc; path = Word.m; sourceTree = "<group>"; };
		33DD72C116F43BA200233BB2 /* CoreData.sqlite */ = {isa = PBXFileReference; lastKnownFileType = file; path = CoreData.sqlite; sourceTree = "<group>"; };
/* End PBXFileReference section */

/* Begin PBXFrameworksBuildPhase section */
		33BCF6EB16F3D5D100D52F8B /* Frameworks */ = {
			isa = PBXFrameworksBuildPhase;
			buildActionMask = 2147483647;
			files = (
				33BCF72416F3D73E00D52F8B /* CoreData.framework in Frameworks */,
				33BCF6F216F3D5D100D52F8B /* UIKit.framework in Frameworks */,
				33BCF6F416F3D5D100D52F8B /* Foundation.framework in Frameworks */,
				33BCF6F616F3D5D100D52F8B /* CoreGraphics.framework in Frameworks */,
			);
			runOnlyForDeploymentPostprocessing = 0;
		};
/* End PBXFrameworksBuildPhase section */

/* Begin PBXGroup section */
		33BCF6E516F3D5D100D52F8B = {
			isa = PBXGroup;
			children = (
				33BCF6F716F3D5D100D52F8B /* WorldSearch */,
				33BCF6F016F3D5D100D52F8B /* Frameworks */,
				33BCF6EF16F3D5D100D52F8B /* Products */,
			);
			sourceTree = "<group>";
		};
		33BCF6EF16F3D5D100D52F8B /* Products */ = {
			isa = PBXGroup;
			children = (
				33BCF6EE16F3D5D100D52F8B /* WorldSearch.app */,
			);
			name = Products;
			sourceTree = "<group>";
		};
		33BCF6F016F3D5D100D52F8B /* Frameworks */ = {
			isa = PBXGroup;
			children = (
				33BCF72316F3D73E00D52F8B /* CoreData.framework */,
				33BCF6F116F3D5D100D52F8B /* UIKit.framework */,
				33BCF6F316F3D5D100D52F8B /* Foundation.framework */,
				33BCF6F516F3D5D100D52F8B /* CoreGraphics.framework */,
			);
			name = Frameworks;
			sourceTree = "<group>";
		};
		33BCF6F716F3D5D100D52F8B /* WorldSearch */ = {
			isa = PBXGroup;
			children = (
				33DD72C116F43BA200233BB2 /* CoreData.sqlite */,
				33BCF72E16F3D8B900D52F8B /* wordsEn.txt */,
				33BCF72516F3D75F00D52F8B /* MyUIManagedDocument.h */,
				33BCF72616F3D76000D52F8B /* MyUIManagedDocument.m */,
				33BCF72016F3D73400D52F8B /* CoreDataHelper.h */,
				33BCF72116F3D73400D52F8B /* CoreDataHelper.m */,
				33BCF71716F3D63900D52F8B /* CoreDataTableViewController.h */,
				33BCF71816F3D63900D52F8B /* CoreDataTableViewController.m */,
				33BCF71A16F3D65800D52F8B /* WordSearchTVC.h */,
				33BCF71B16F3D65800D52F8B /* WordSearchTVC.m */,
				33BCF72B16F3D79100D52F8B /* Word+Create.h */,
				33BCF72C16F3D79100D52F8B /* Word+Create.m */,
				3327773216F3E724006A99AB /* DataMigrator.h */,
				3327773316F3E724006A99AB /* DataMigrator.m */,
				33BCF71D16F3D6B700D52F8B /* Model.xcdatamodeld */,
				33DD72BE16F4395200233BB2 /* Word.h */,
				33DD72BF16F4395200233BB2 /* Word.m */,
				33BCF70916F3D5D100D52F8B /* MainStoryboard.storyboard */,
				33BCF6F816F3D5D100D52F8B /* Supporting Files */,
			);
			path = WorldSearch;
			sourceTree = "<group>";
		};
		33BCF6F816F3D5D100D52F8B /* Supporting Files */ = {
			isa = PBXGroup;
			children = (
				33BCF70016F3D5D100D52F8B /* AppDelegate.h */,
				33BCF70116F3D5D100D52F8B /* AppDelegate.m */,
				33BCF6F916F3D5D100D52F8B /* WorldSearch-Info.plist */,
				33BCF6FA16F3D5D100D52F8B /* InfoPlist.strings */,
				33BCF6FD16F3D5D100D52F8B /* main.m */,
				33BCF6FF16F3D5D100D52F8B /* WorldSearch-Prefix.pch */,
				33BCF70316F3D5D100D52F8B /* Default.png */,
				33BCF70516F3D5D100D52F8B /* Default@2x.png */,
				33BCF70716F3D5D100D52F8B /* Default-568h@2x.png */,
			);
			name = "Supporting Files";
			sourceTree = "<group>";
		};
/* End PBXGroup section */

/* Begin PBXNativeTarget section */
		33BCF6ED16F3D5D100D52F8B /* WorldSearch */ = {
			isa = PBXNativeTarget;
			buildConfigurationList = 33BCF71116F3D5D100D52F8B /* Build configuration list for PBXNativeTarget "WorldSearch" */;
			buildPhases = (
				33BCF6EA16F3D5D100D52F8B /* Sources */,
				33BCF6EB16F3D5D100D52F8B /* Frameworks */,
				33BCF6EC16F3D5D100D52F8B /* Resources */,
			);
			buildRules = (
			);
			dependencies = (
			);
			name = WorldSearch;
			productName = WorldSearch;
			productReference = 33BCF6EE16F3D5D100D52F8B /* WorldSearch.app */;
			productType = "com.apple.product-type.application";
		};
/* End PBXNativeTarget section */

/* Begin PBXProject section */
		33BCF6E616F3D5D100D52F8B /* Project object */ = {
			isa = PBXProject;
			attributes = {
				LastUpgradeCheck = 0460;
				ORGANIZATIONNAME = Pyrogusto;
			};
			buildConfigurationList = 33BCF6E916F3D5D100D52F8B /* Build configuration list for PBXProject "WorldSearch" */;
			compatibilityVersion = "Xcode 3.2";
			developmentRegion = English;
			hasScannedForEncodings = 0;
			knownRegions = (
				en,
			);
			mainGroup = 33BCF6E516F3D5D100D52F8B;
			productRefGroup = 33BCF6EF16F3D5D100D52F8B /* Products */;
			projectDirPath = "";
			projectRoot = "";
			targets = (
				33BCF6ED16F3D5D100D52F8B /* WorldSearch */,
			);
		};
/* End PBXProject section */

/* Begin PBXResourcesBuildPhase section */
		33BCF6EC16F3D5D100D52F8B /* Resources */ = {
			isa = PBXResourcesBuildPhase;
			buildActionMask = 2147483647;
			files = (
				33BCF6FC16F3D5D100D52F8B /* InfoPlist.strings in Resources */,
				33BCF70416F3D5D100D52F8B /* Default.png in Resources */,
				33BCF70616F3D5D100D52F8B /* Default@2x.png in Resources */,
				33BCF70816F3D5D100D52F8B /* Default-568h@2x.png in Resources */,
				33BCF70B16F3D5D100D52F8B /* MainStoryboard.storyboard in Resources */,
				33BCF72F16F3D8B900D52F8B /* wordsEn.txt in Resources */,
				33DD72C216F43BA200233BB2 /* CoreData.sqlite in Resources */,
			);
			runOnlyForDeploymentPostprocessing = 0;
		};
/* End PBXResourcesBuildPhase section */

/* Begin PBXSourcesBuildPhase section */
		33BCF6EA16F3D5D100D52F8B /* Sources */ = {
			isa = PBXSourcesBuildPhase;
			buildActionMask = 2147483647;
			files = (
				33BCF6FE16F3D5D100D52F8B /* main.m in Sources */,
				33BCF70216F3D5D100D52F8B /* AppDelegate.m in Sources */,
				33BCF71916F3D63900D52F8B /* CoreDataTableViewController.m in Sources */,
				33BCF71C16F3D65800D52F8B /* WordSearchTVC.m in Sources */,
				33BCF71F16F3D6B800D52F8B /* Model.xcdatamodeld in Sources */,
				33BCF72216F3D73400D52F8B /* CoreDataHelper.m in Sources */,
				33BCF72716F3D76000D52F8B /* MyUIManagedDocument.m in Sources */,
				33BCF72D16F3D79100D52F8B /* Word+Create.m in Sources */,
				3327773416F3E724006A99AB /* DataMigrator.m in Sources */,
				33DD72C016F4395200233BB2 /* Word.m in Sources */,
			);
			runOnlyForDeploymentPostprocessing = 0;
		};
/* End PBXSourcesBuildPhase section */

/* Begin PBXVariantGroup section */
		33BCF6FA16F3D5D100D52F8B /* InfoPlist.strings */ = {
			isa = PBXVariantGroup;
			children = (
				33BCF6FB16F3D5D100D52F8B /* en */,
			);
			name = InfoPlist.strings;
			sourceTree = "<group>";
		};
		33BCF70916F3D5D100D52F8B /* MainStoryboard.storyboard */ = {
			isa = PBXVariantGroup;
			children = (
				33BCF70A16F3D5D100D52F8B /* en */,
			);
			name = MainStoryboard.storyboard;
			sourceTree = "<group>";
		};
/* End PBXVariantGroup section */

/* Begin XCBuildConfiguration section */
		33BCF70F16F3D5D100D52F8B /* Debug */ = {
			isa = XCBuildConfiguration;
			buildSettings = {
				ALWAYS_SEARCH_USER_PATHS = NO;
				CLANG_CXX_LANGUAGE_STANDARD = "gnu++0x";
				CLANG_CXX_LIBRARY = "libc++";
				CLANG_ENABLE_OBJC_ARC = YES;
				CLANG_WARN_CONSTANT_CONVERSION = YES;
				CLANG_WARN_EMPTY_BODY = YES;
				CLANG_WARN_ENUM_CONVERSION = YES;
				CLANG_WARN_INT_CONVERSION = YES;
				CLANG_WARN__DUPLICATE_METHOD_MATCH = YES;
				"CODE_SIGN_IDENTITY[sdk=iphoneos*]" = "iPhone Developer";
				COPY_PHASE_STRIP = NO;
				GCC_C_LANGUAGE_STANDARD = gnu99;
				GCC_DYNAMIC_NO_PIC = NO;
				GCC_OPTIMIZATION_LEVEL = 0;
				GCC_PREPROCESSOR_DEFINITIONS = (
					"DEBUG=1",
					"$(inherited)",
				);
				GCC_SYMBOLS_PRIVATE_EXTERN = NO;
				GCC_WARN_ABOUT_RETURN_TYPE = YES;
				GCC_WARN_UNINITIALIZED_AUTOS = YES;
				GCC_WARN_UNUSED_VARIABLE = YES;
				IPHONEOS_DEPLOYMENT_TARGET = 6.1;
				ONLY_ACTIVE_ARCH = YES;
				SDKROOT = iphoneos;
			};
			name = Debug;
		};
		33BCF71016F3D5D100D52F8B /* Release */ = {
			isa = XCBuildConfiguration;
			buildSettings = {
				ALWAYS_SEARCH_USER_PATHS = NO;
				CLANG_CXX_LANGUAGE_STANDARD = "gnu++0x";
				CLANG_CXX_LIBRARY = "libc++";
				CLANG_ENABLE_OBJC_ARC = YES;
				CLANG_WARN_CONSTANT_CONVERSION = YES;
				CLANG_WARN_EMPTY_BODY = YES;
				CLANG_WARN_ENUM_CONVERSION = YES;
				CLANG_WARN_INT_CONVERSION = YES;
				CLANG_WARN__DUPLICATE_METHOD_MATCH = YES;
				"CODE_SIGN_IDENTITY[sdk=iphoneos*]" = "iPhone Developer";
				COPY_PHASE_STRIP = YES;
				GCC_C_LANGUAGE_STANDARD = gnu99;
				GCC_WARN_ABOUT_RETURN_TYPE = YES;
				GCC_WARN_UNINITIALIZED_AUTOS = YES;
				GCC_WARN_UNUSED_VARIABLE = YES;
				IPHONEOS_DEPLOYMENT_TARGET = 6.1;
				OTHER_CFLAGS = "-DNS_BLOCK_ASSERTIONS=1";
				SDKROOT = iphoneos;
				VALIDATE_PRODUCT = YES;
			};
			name = Release;
		};
		33BCF71216F3D5D100D52F8B /* Debug */ = {
			isa = XCBuildConfiguration;
			buildSettings = {
				GCC_PRECOMPILE_PREFIX_HEADER = YES;
				GCC_PREFIX_HEADER = "WorldSearch/WorldSearch-Prefix.pch";
				INFOPLIST_FILE = "WorldSearch/WorldSearch-Info.plist";
				IPHONEOS_DEPLOYMENT_TARGET = 6.0;
				PRODUCT_NAME = "$(TARGET_NAME)";
				WRAPPER_EXTENSION = app;
			};
			name = Debug;
		};
		33BCF71316F3D5D100D52F8B /* Release */ = {
			isa = XCBuildConfiguration;
			buildSettings = {
				GCC_PRECOMPILE_PREFIX_HEADER = YES;
				GCC_PREFIX_HEADER = "WorldSearch/WorldSearch-Prefix.pch";
				INFOPLIST_FILE = "WorldSearch/WorldSearch-Info.plist";
				IPHONEOS_DEPLOYMENT_TARGET = 6.0;
				PRODUCT_NAME = "$(TARGET_NAME)";
				WRAPPER_EXTENSION = app;
			};
			name = Release;
		};
/* End XCBuildConfiguration section */

/* Begin XCConfigurationList section */
		33BCF6E916F3D5D100D52F8B /* Build configuration list for PBXProject "WorldSearch" */ = {
			isa = XCConfigurationList;
			buildConfigurations = (
				33BCF70F16F3D5D100D52F8B /* Debug */,
				33BCF71016F3D5D100D52F8B /* Release */,
			);
			defaultConfigurationIsVisible = 0;
			defaultConfigurationName = Release;
		};
		33BCF71116F3D5D100D52F8B /* Build configuration list for PBXNativeTarget "WorldSearch" */ = {
			isa = XCConfigurationList;
			buildConfigurations = (
				33BCF71216F3D5D100D52F8B /* Debug */,
				33BCF71316F3D5D100D52F8B /* Release */,
			);
			defaultConfigurationIsVisible = 0;
			defaultConfigurationName = Release;
		};
/* End XCConfigurationList section */

/* Begin XCVersionGroup section */
		33BCF71D16F3D6B700D52F8B /* Model.xcdatamodeld */ = {
			isa = XCVersionGroup;
			children = (
				33BCF71E16F3D6B800D52F8B /* Model.xcdatamodel */,
			);
			currentVersion = 33BCF71E16F3D6B800D52F8B /* Model.xcdatamodel */;
			path = Model.xcdatamodeld;
			sourceTree = "<group>";
			versionGroupType = wrapper.xcdatamodel;
		};
/* End XCVersionGroup section */
	};
	rootObject = 33BCF6E616F3D5D100D52F8B /* Project object */;
}
